
Microsoft Visual Studio Solution File, Format Version 12.00
# Visual Studio 2012
Project("{FAE04EC0-301F-11D3-BF4B-00C04F79EFBC}") = "WormholeServer", "WormholeServer\WormholeServer.csproj", "{605AF49E-AF53-4095-8469-D0D8DBAB9327}"
EndProject
Global
	GlobalSection(SolutionConfigurationPlatforms) = preSolution
		Debug|x86 = Debug|x86
		Release|x86 = Release|x86
	EndGlobalSection
	GlobalSection(ProjectConfigurationPlatforms) = postSolution
		{605AF49E-AF53-4095-8469-D0D8DBAB9327}.Debug|x86.ActiveCfg = Debug|x86
		{605AF49E-AF53-4095-8469-D0D8DBAB9327}.Debug|x86.Build.0 = Debug|x86
		{605AF49E-AF53-4095-8469-D0D8DBAB9327}.Release|x86.ActiveCfg = Release|x86
		{605AF49E-AF53-4095-8469-D0D8DBAB9327}.Release|x86.Build.0 = Release|x86
	EndGlobalSection
EndGlobal
